{
  "lockfileVersion": 1,
  "configVersion": 1,
  "workspaces": {
    "": {
      "name": "@stll/text-search",
      "dependencies": {
        "@stll/aho-corasick": "^0.3.0",
        "@stll/fuzzy-search": "^0.2.0",
        "@stll/regex-set": "^0.5.0",
      },
      "devDependencies": {
        "@types/node": "^22.0.0",
        "bun-types": "^1.3.10",
        "oxfmt": "^0.40.0",
        "oxlint": "^1.55.0",
        "tsdown": "^0.12.4",
        "typescript": "^5.9.3",
      },
    },
  },
  "packages": {
    "@babel/generator": ["@babel/generator@7.29.1", "", { "dependencies": { "@babel/parser": "^7.29.0", "@babel/types": "^7.29.0", "@jridgewell/gen-mapping": "^0.3.12", "@jridgewell/trace-mapping": "^0.3.28", "jsesc": "^3.0.2" } }, "sha512-qsaF+9Qcm2Qv8SRIMMscAvG4O3lJ0F1GuMo5HR/Bp02LopNgnZBC/EkbevHFeGs4ls/oPz9v+Bsmzbkbe+0dUw=="],

    "@babel/helper-string-parser": ["@babel/helper-string-parser@7.27.1", "", {}, "sha512-qMlSxKbpRlAridDExk92nSobyDdpPijUq2DW6oDnUqd0iOGxmQjyqhMIihI9+zv4LPyZdRje2cavWPbCbWm3eA=="],

    "@babel/helper-validator-identifier": ["@babel/helper-validator-identifier@7.28.5", "", {}, "sha512-qSs4ifwzKJSV39ucNjsvc6WVHs6b7S03sOh2OcHF9UHfVPqWWALUsNUVzhSBiItjRZoLHx7nIarVjqKVusUZ1Q=="],

    "@babel/parser": ["@babel/parser@7.29.2", "", { "dependencies": { "@babel/types": "^7.29.0" }, "bin": "./bin/babel-parser.js" }, "sha512-4GgRzy/+fsBa72/RZVJmGKPmZu9Byn8o4MoLpmNe1m8ZfYnz5emHLQz3U4gLud6Zwl0RZIcgiLD7Uq7ySFuDLA=="],

    "@babel/types": ["@babel/types@7.29.0", "", { "dependencies": { "@babel/helper-string-parser": "^7.27.1", "@babel/helper-validator-identifier": "^7.28.5" } }, "sha512-LwdZHpScM4Qz8Xw2iKSzS+cfglZzJGvofQICy7W7v4caru4EaAmyUuO6BGrbyQ2mYV11W0U8j5mBhd14dd3B0A=="],

    "@emnapi/core": ["@emnapi/core@1.9.1", "", { "dependencies": { "@emnapi/wasi-threads": "1.2.0", "tslib": "^2.4.0" } }, "sha512-mukuNALVsoix/w1BJwFzwXBN/dHeejQtuVzcDsfOEsdpCumXb/E9j8w11h5S54tT1xhifGfbbSm/ICrObRb3KA=="],

    "@emnapi/runtime": ["@emnapi/runtime@1.9.1", "", { "dependencies": { "tslib": "^2.4.0" } }, "sha512-VYi5+ZVLhpgK4hQ0TAjiQiZ6ol0oe4mBx7mVv7IflsiEp0OWoVsp/+f9Vc1hOhE0TtkORVrI1GvzyreqpgWtkA=="],

    "@emnapi/wasi-threads": ["@emnapi/wasi-threads@1.2.0", "", { "dependencies": { "tslib": "^2.4.0" } }, "sha512-N10dEJNSsUx41Z6pZsXU8FjPjpBEplgH24sfkmITrBED1/U2Esum9F3lfLrMjKHHjmi557zQn7kR9R+XWXu5Rg=="],

    "@jridgewell/gen-mapping": ["@jridgewell/gen-mapping@0.3.13", "", { "dependencies": { "@jridgewell/sourcemap-codec": "^1.5.0", "@jridgewell/trace-mapping": "^0.3.24" } }, "sha512-2kkt/7niJ6MgEPxF0bYdQ6etZaA+fQvDcLKckhy1yIQOzaoKjBBjSj63/aLVjYE3qhRt5dvM+uUyfCg6UKCBbA=="],

    "@jridgewell/resolve-uri": ["@jridgewell/resolve-uri@3.1.2", "", {}, "sha512-bRISgCIjP20/tbWSPWMEi54QVPRZExkuD9lJL+UIxUKtwVJA8wW1Trb1jMs1RFXo1CBTNZ/5hpC9QvmKWdopKw=="],

    "@jridgewell/sourcemap-codec": ["@jridgewell/sourcemap-codec@1.5.5", "", {}, "sha512-cYQ9310grqxueWbl+WuIUIaiUaDcj7WOq5fVhEljNVgRfOUhY9fy2zTvfoqWsnebh8Sl70VScFbICvJnLKB0Og=="],

    "@jridgewell/trace-mapping": ["@jridgewell/trace-mapping@0.3.31", "", { "dependencies": { "@jridgewell/resolve-uri": "^3.1.0", "@jridgewell/sourcemap-codec": "^1.4.14" } }, "sha512-zzNR+SdQSDJzc8joaeP8QQoCQr8NuYx2dIIytl1QeBEZHJ9uW6hebsrYgbz8hJwUQao3TWCMtmfV8Nu1twOLAw=="],

    "@napi-rs/wasm-runtime": ["@napi-rs/wasm-runtime@1.1.1", "", { "dependencies": { "@emnapi/core": "^1.7.1", "@emnapi/runtime": "^1.7.1", "@tybys/wasm-util": "^0.10.1" } }, "sha512-p64ah1M1ld8xjWv3qbvFwHiFVWrq1yFvV4f7w+mzaqiR4IlSgkqhcRdHwsGgomwzBH51sRY4NEowLxnaBjcW/A=="],

    "@oxc-project/types": ["@oxc-project/types@0.122.0", "", {}, "sha512-oLAl5kBpV4w69UtFZ9xqcmTi+GENWOcPF7FCrczTiBbmC0ibXxCwyvZGbO39rCVEuLGAZM84DH0pUIyyv/YJzA=="],

    "@oxfmt/binding-android-arm-eabi": ["@oxfmt/binding-android-arm-eabi@0.40.0", "", { "os": "android", "cpu": "arm" }, "sha512-S6zd5r1w/HmqR8t0CTnGjFTBLDq2QKORPwriCHxo4xFNuhmOTABGjPaNvCJJVnrKBLsohOeiDX3YqQfJPF+FXw=="],

    "@oxfmt/binding-android-arm64": ["@oxfmt/binding-android-arm64@0.40.0", "", { "os": "android", "cpu": "arm64" }, "sha512-/mbS9UUP/5Vbl2D6osIdcYiP0oie63LKMoTyGj5hyMCK/SFkl3EhtyRAfdjPvuvHC0SXdW6ePaTKkBSq1SNcIw=="],

    "@oxfmt/binding-darwin-arm64": ["@oxfmt/binding-darwin-arm64@0.40.0", "", { "os": "darwin", "cpu": "arm64" }, "sha512-wRt8fRdfLiEhnRMBonlIbKrJWixoEmn6KCjKE9PElnrSDSXETGZfPb8ee+nQNTobXkCVvVLytp2o0obAsxl78Q=="],

    "@oxfmt/binding-darwin-x64": ["@oxfmt/binding-darwin-x64@0.40.0", "", { "os": "darwin", "cpu": "x64" }, "sha512-fzowhqbOE/NRy+AE5ob0+Y4X243WbWzDb00W+pKwD7d9tOqsAFbtWUwIyqqCoCLxj791m2xXIEeLH/3uz7zCCg=="],

    "@oxfmt/binding-freebsd-x64": ["@oxfmt/binding-freebsd-x64@0.40.0", "", { "os": "freebsd", "cpu": "x64" }, "sha512-agZ9ITaqdBjcerRRFEHB8s0OyVcQW8F9ZxsszjxzeSthQ4fcN2MuOtQFWec1ed8/lDa50jSLHVE2/xPmTgtCfQ=="],

    "@oxfmt/binding-linux-arm-gnueabihf": ["@oxfmt/binding-linux-arm-gnueabihf@0.40.0", "", { "os": "linux", "cpu": "arm" }, "sha512-ZM2oQ47p28TP1DVIp7HL1QoMUgqlBFHey0ksHct7tMXoU5BqjNvPWw7888azzMt25lnyPODVuye1wvNbvVUFOA=="],

    "@oxfmt/binding-linux-arm-musleabihf": ["@oxfmt/binding-linux-arm-musleabihf@0.40.0", "", { "os": "linux", "cpu": "arm" }, "sha512-RBFPAxRAIsMisKM47Oe6Lwdv6agZYLz02CUhVCD1sOv5ajAcRMrnwCFBPWwGXpazToW2mjnZxFos8TuFjTU15A=="],

    "@oxfmt/binding-linux-arm64-gnu": ["@oxfmt/binding-linux-arm64-gnu@0.40.0", "", { "os": "linux", "cpu": "arm64" }, "sha512-Nb2XbQ+wV3W2jSIihXdPj7k83eOxeSgYP3N/SRXvQ6ZYPIk6Q86qEh5Gl/7OitX3bQoQrESqm1yMLvZV8/J7dA=="],

    "@oxfmt/binding-linux-arm64-musl": ["@oxfmt/binding-linux-arm64-musl@0.40.0", "", { "os": "linux", "cpu": "arm64" }, "sha512-tGmWhLD/0YMotCdfezlT6tC/MJG/wKpo4vnQ3Cq+4eBk/BwNv7EmkD0VkD5F/dYkT3b8FNU01X2e8vvJuWoM1w=="],

    "@oxfmt/binding-linux-ppc64-gnu": ["@oxfmt/binding-linux-ppc64-gnu@0.40.0", "", { "os": "linux", "cpu": "ppc64" }, "sha512-rVbFyM3e7YhkVnp0IVYjaSHfrBWcTRWb60LEcdNAJcE2mbhTpbqKufx0FrhWfoxOrW/+7UJonAOShoFFLigDqQ=="],

    "@oxfmt/binding-linux-riscv64-gnu": ["@oxfmt/binding-linux-riscv64-gnu@0.40.0", "", { "os": "linux", "cpu": "none" }, "sha512-3ZqBw14JtWeEoLiioJcXSJz8RQyPE+3jLARnYM1HdPzZG4vk+Ua8CUupt2+d+vSAvMyaQBTN2dZK+kbBS/j5mA=="],

    "@oxfmt/binding-linux-riscv64-musl": ["@oxfmt/binding-linux-riscv64-musl@0.40.0", "", { "os": "linux", "cpu": "none" }, "sha512-JJ4PPSdcbGBjPvb+O7xYm2FmAsKCyuEMYhqatBAHMp/6TA6rVlf9Z/sYPa4/3Bommb+8nndm15SPFRHEPU5qFA=="],

    "@oxfmt/binding-linux-s390x-gnu": ["@oxfmt/binding-linux-s390x-gnu@0.40.0", "", { "os": "linux", "cpu": "s390x" }, "sha512-Kp0zNJoX9Ik77wUya2tpBY3W9f40VUoMQLWVaob5SgCrblH/t2xr/9B2bWHfs0WCefuGmqXcB+t0Lq77sbBmZw=="],

    "@oxfmt/binding-linux-x64-gnu": ["@oxfmt/binding-linux-x64-gnu@0.40.0", "", { "os": "linux", "cpu": "x64" }, "sha512-7YTCNzleWTaQTqNGUNQ66qVjpoV6DjbCOea+RnpMBly2bpzrI/uu7Rr+2zcgRfNxyjXaFTVQKaRKjqVdeUfeVA=="],

    "@oxfmt/binding-linux-x64-musl": ["@oxfmt/binding-linux-x64-musl@0.40.0", "", { "os": "linux", "cpu": "x64" }, "sha512-hWnSzJ0oegeOwfOEeejYXfBqmnRGHusgtHfCPzmvJvHTwy1s3Neo59UKc1CmpE3zxvrCzJoVHos0rr97GHMNPw=="],

    "@oxfmt/binding-openharmony-arm64": ["@oxfmt/binding-openharmony-arm64@0.40.0", "", { "os": "none", "cpu": "arm64" }, "sha512-28sJC1lR4qtBJGzSRRbPnSW3GxU2+4YyQFE6rCmsUYqZ5XYH8jg0/w+CvEzQ8TuAQz5zLkcA25nFQGwoU0PT3Q=="],

    "@oxfmt/binding-win32-arm64-msvc": ["@oxfmt/binding-win32-arm64-msvc@0.40.0", "", { "os": "win32", "cpu": "arm64" }, "sha512-cDkRnyT0dqwF5oIX1Cv59HKCeZQFbWWdUpXa3uvnHFT2iwYSSZspkhgjXjU6iDp5pFPaAEAe9FIbMoTgkTmKPg=="],

    "@oxfmt/binding-win32-ia32-msvc": ["@oxfmt/binding-win32-ia32-msvc@0.40.0", "", { "os": "win32", "cpu": "ia32" }, "sha512-7rPemBJjqm5Gkv6ZRCPvK8lE6AqQ/2z31DRdWazyx2ZvaSgL7QGofHXHNouRpPvNsT9yxRNQJgigsWkc+0qg4w=="],

    "@oxfmt/binding-win32-x64-msvc": ["@oxfmt/binding-win32-x64-msvc@0.40.0", "", { "os": "win32", "cpu": "x64" }, "sha512-/Zmj0yTYSvmha6TG1QnoLqVT7ZMRDqXvFXXBQpIjteEwx9qvUYMBH2xbiOFhDeMUJkGwC3D6fdKsFtaqUvkwNA=="],

    "@oxlint/binding-android-arm-eabi": ["@oxlint/binding-android-arm-eabi@1.56.0", "", { "os": "android", "cpu": "arm" }, "sha512-IyfYPthZyiSKwAv/dLjeO18SaK8MxLI9Yss2JrRDyweQAkuL3LhEy7pwIwI7uA3KQc1Vdn20kdmj3q0oUIQL6A=="],

    "@oxlint/binding-android-arm64": ["@oxlint/binding-android-arm64@1.56.0", "", { "os": "android", "cpu": "arm64" }, "sha512-Ga5zYrzH6vc/VFxhn6MmyUnYEfy9vRpwTIks99mY3j6Nz30yYpIkWryI0QKPCgvGUtDSXVLEaMum5nA+WrNOSg=="],

    "@oxlint/binding-darwin-arm64": ["@oxlint/binding-darwin-arm64@1.56.0", "", { "os": "darwin", "cpu": "arm64" }, "sha512-ogmbdJysnw/D4bDcpf1sPLpFThZ48lYp4aKYm10Z/6Nh1SON6NtnNhTNOlhEY296tDFItsZUz+2tgcSYqh8Eyw=="],

    "@oxlint/binding-darwin-x64": ["@oxlint/binding-darwin-x64@1.56.0", "", { "os": "darwin", "cpu": "x64" }, "sha512-x8QE1h+RAtQ2g+3KPsP6Fk/tdz6zJQUv5c7fTrJxXV3GHOo+Ry5p/PsogU4U+iUZg0rj6hS+E4xi+mnwwlDCWQ=="],

    "@oxlint/binding-freebsd-x64": ["@oxlint/binding-freebsd-x64@1.56.0", "", { "os": "freebsd", "cpu": "x64" }, "sha512-6G+WMZvwJpMvY7my+/SHEjb7BTk/PFbePqLpmVmUJRIsJMy/UlyYqjpuh0RCgYYkPLcnXm1rUM04kbTk8yS1Yg=="],

    "@oxlint/binding-linux-arm-gnueabihf": ["@oxlint/binding-linux-arm-gnueabihf@1.56.0", "", { "os": "linux", "cpu": "arm" }, "sha512-YYHBsk/sl7fYwQOok+6W5lBPeUEvisznV/HZD2IfZmF3Bns6cPC3Z0vCtSEOaAWTjYWN3jVsdu55jMxKlsdlhg=="],

    "@oxlint/binding-linux-arm-musleabihf": ["@oxlint/binding-linux-arm-musleabihf@1.56.0", "", { "os": "linux", "cpu": "arm" }, "sha512-+AZK8rOUr78y8WT6XkDb04IbMRqauNV+vgT6f8ZLOH8wnpQ9i7Nol0XLxAu+Cq7Sb+J9wC0j6Km5hG8rj47/yQ=="],

    "@oxlint/binding-linux-arm64-gnu": ["@oxlint/binding-linux-arm64-gnu@1.56.0", "", { "os": "linux", "cpu": "arm64" }, "sha512-urse2SnugwJRojUkGSSeH2LPMaje5Q50yQtvtL9HFckiyeqXzoFwOAZqD5TR29R2lq7UHidfFDM9EGcchcbb8A=="],

    "@oxlint/binding-linux-arm64-musl": ["@oxlint/binding-linux-arm64-musl@1.56.0", "", { "os": "linux", "cpu": "arm64" }, "sha512-rkTZkBfJ4TYLjansjSzL6mgZOdN5IvUnSq3oNJSLwBcNvy3dlgQtpHPrRxrCEbbcp7oQ6If0tkNaqfOsphYZ9g=="],

    "@oxlint/binding-linux-ppc64-gnu": ["@oxlint/binding-linux-ppc64-gnu@1.56.0", "", { "os": "linux", "cpu": "ppc64" }, "sha512-uqL1kMH3u69/e1CH2EJhP3CP28jw2ExLsku4o8RVAZ7fySo9zOyI2fy9pVlTAp4voBLVgzndXi3SgtdyCTa2aA=="],

    "@oxlint/binding-linux-riscv64-gnu": ["@oxlint/binding-linux-riscv64-gnu@1.56.0", "", { "os": "linux", "cpu": "none" }, "sha512-j0CcMBOgV6KsRaBdsebIeiy7hCjEvq2KdEsiULf2LZqAq0v1M1lWjelhCV57LxsqaIGChXFuFJ0RiFrSRHPhSg=="],

    "@oxlint/binding-linux-riscv64-musl": ["@oxlint/binding-linux-riscv64-musl@1.56.0", "", { "os": "linux", "cpu": "none" }, "sha512-7VDOiL8cDG3DQ/CY3yKjbV1c4YPvc4vH8qW09Vv+5ukq3l/Kcyr6XGCd5NvxUmxqDb2vjMpM+eW/4JrEEsUetA=="],

    "@oxlint/binding-linux-s390x-gnu": ["@oxlint/binding-linux-s390x-gnu@1.56.0", "", { "os": "linux", "cpu": "s390x" }, "sha512-JGRpX0M+ikD3WpwJ7vKcHKV6Kg0dT52BW2Eu2BupXotYeqGXBrbY+QPkAyKO6MNgKozyTNaRh3r7g+VWgyAQYQ=="],

    "@oxlint/binding-linux-x64-gnu": ["@oxlint/binding-linux-x64-gnu@1.56.0", "", { "os": "linux", "cpu": "x64" }, "sha512-dNaICPvtmuxFP/VbqdofrLqdS3bM/AKJN3LMJD52si44ea7Be1cBk6NpfIahaysG9Uo+L98QKddU9CD5L8UHnQ=="],

    "@oxlint/binding-linux-x64-musl": ["@oxlint/binding-linux-x64-musl@1.56.0", "", { "os": "linux", "cpu": "x64" }, "sha512-pF1vOtM+GuXmbklM1hV8WMsn6tCNPvkUzklj/Ej98JhlanbmA2RB1BILgOpwSuCTRTIYx2MXssmEyQQ90QF5aA=="],

    "@oxlint/binding-openharmony-arm64": ["@oxlint/binding-openharmony-arm64@1.56.0", "", { "os": "none", "cpu": "arm64" }, "sha512-bp8NQ4RE6fDIFLa4bdBiOA+TAvkNkg+rslR+AvvjlLTYXLy9/uKAYLQudaQouWihLD/hgkrXIKKzXi5IXOewwg=="],

    "@oxlint/binding-win32-arm64-msvc": ["@oxlint/binding-win32-arm64-msvc@1.56.0", "", { "os": "win32", "cpu": "arm64" }, "sha512-PxT4OJDfMOQBzo3OlzFb9gkoSD+n8qSBxyVq2wQSZIHFQYGEqIRTo9M0ZStvZm5fdhMqaVYpOnJvH2hUMEDk/g=="],

    "@oxlint/binding-win32-ia32-msvc": ["@oxlint/binding-win32-ia32-msvc@1.56.0", "", { "os": "win32", "cpu": "ia32" }, "sha512-PTRy6sIEPqy2x8PTP1baBNReN/BNEFmde0L+mYeHmjXE1Vlcc9+I5nsqENsB2yAm5wLkzPoTNCMY/7AnabT4/A=="],

    "@oxlint/binding-win32-x64-msvc": ["@oxlint/binding-win32-x64-msvc@1.56.0", "", { "os": "win32", "cpu": "x64" }, "sha512-ZHa0clocjLmIDr+1LwoWtxRcoYniAvERotvwKUYKhH41NVfl0Y4LNbyQkwMZzwDvKklKGvGZ5+DAG58/Ik47tQ=="],

    "@quansync/fs": ["@quansync/fs@1.0.0", "", { "dependencies": { "quansync": "^1.0.0" } }, "sha512-4TJ3DFtlf1L5LDMaM6CanJ/0lckGNtJcMjQ1NAV6zDmA0tEHKZtxNKin8EgPaVX1YzljbxckyT2tJrpQKAtngQ=="],

    "@rolldown/binding-android-arm64": ["@rolldown/binding-android-arm64@1.0.0-rc.11", "", { "os": "android", "cpu": "arm64" }, "sha512-SJ+/g+xNnOh6NqYxD0V3uVN4W3VfnrGsC9/hoglicgTNfABFG9JjISvkkU0dNY84MNHLWyOgxP9v9Y9pX4S7+A=="],

    "@rolldown/binding-darwin-arm64": ["@rolldown/binding-darwin-arm64@1.0.0-rc.11", "", { "os": "darwin", "cpu": "arm64" }, "sha512-7WQgR8SfOPwmDZGFkThUvsmd/nwAWv91oCO4I5LS7RKrssPZmOt7jONN0cW17ydGC1n/+puol1IpoieKqQidmg=="],

    "@rolldown/binding-darwin-x64": ["@rolldown/binding-darwin-x64@1.0.0-rc.11", "", { "os": "darwin", "cpu": "x64" }, "sha512-39Ks6UvIHq4rEogIfQBoBRusj0Q0nPVWIvqmwBLaT6aqQGIakHdESBVOPRRLacy4WwUPIx4ZKzfZ9PMW+IeyUQ=="],

    "@rolldown/binding-freebsd-x64": ["@rolldown/binding-freebsd-x64@1.0.0-rc.11", "", { "os": "freebsd", "cpu": "x64" }, "sha512-jfsm0ZHfhiqrvWjJAmzsqiIFPz5e7mAoCOPBNTcNgkiid/LaFKiq92+0ojH+nmJmKYkre4t71BWXUZDNp7vsag=="],

    "@rolldown/binding-linux-arm-gnueabihf": ["@rolldown/binding-linux-arm-gnueabihf@1.0.0-rc.11", "", { "os": "linux", "cpu": "arm" }, "sha512-zjQaUtSyq1nVe3nxmlSCuR96T1LPlpvmJ0SZy0WJFEsV4kFbXcq2u68L4E6O0XeFj4aex9bEauqjW8UQBeAvfQ=="],

    "@rolldown/binding-linux-arm64-gnu": ["@rolldown/binding-linux-arm64-gnu@1.0.0-rc.11", "", { "os": "linux", "cpu": "arm64" }, "sha512-WMW1yE6IOnehTcFE9eipFkm3XN63zypWlrJQ2iF7NrQ9b2LDRjumFoOGJE8RJJTJCTBAdmLMnJ8uVitACUUo1Q=="],

    "@rolldown/binding-linux-arm64-musl": ["@rolldown/binding-linux-arm64-musl@1.0.0-rc.11", "", { "os": "linux", "cpu": "arm64" }, "sha512-jfndI9tsfm4APzjNt6QdBkYwre5lRPUgHeDHoI7ydKUuJvz3lZeCfMsI56BZj+7BYqiKsJm7cfd/6KYV7ubrBg=="],

    "@rolldown/binding-linux-ppc64-gnu": ["@rolldown/binding-linux-ppc64-gnu@1.0.0-rc.11", "", { "os": "linux", "cpu": "ppc64" }, "sha512-ZlFgw46NOAGMgcdvdYwAGu2Q+SLFA9LzbJLW+iyMOJyhj5wk6P3KEE9Gct4xWwSzFoPI7JCdYmYMzVtlgQ+zfw=="],

    "@rolldown/binding-linux-s390x-gnu": ["@rolldown/binding-linux-s390x-gnu@1.0.0-rc.11", "", { "os": "linux", "cpu": "s390x" }, "sha512-hIOYmuT6ofM4K04XAZd3OzMySEO4K0/nc9+jmNcxNAxRi6c5UWpqfw3KMFV4MVFWL+jQsSh+bGw2VqmaPMTLyw=="],

    "@rolldown/binding-linux-x64-gnu": ["@rolldown/binding-linux-x64-gnu@1.0.0-rc.11", "", { "os": "linux", "cpu": "x64" }, "sha512-qXBQQO9OvkjjQPLdUVr7Nr2t3QTZI7s4KZtfw7HzBgjbmAPSFwSv4rmET9lLSgq3rH/ndA3ngv3Qb8l2njoPNA=="],

    "@rolldown/binding-linux-x64-musl": ["@rolldown/binding-linux-x64-musl@1.0.0-rc.11", "", { "os": "linux", "cpu": "x64" }, "sha512-/tpFfoSTzUkH9LPY+cYbqZBDyyX62w5fICq9qzsHLL8uTI6BHip3Q9Uzft0wylk/i8OOwKik8OxW+QAhDmzwmg=="],

    "@rolldown/binding-openharmony-arm64": ["@rolldown/binding-openharmony-arm64@1.0.0-rc.11", "", { "os": "none", "cpu": "arm64" }, "sha512-mcp3Rio2w72IvdZG0oQ4bM2c2oumtwHfUfKncUM6zGgz0KgPz4YmDPQfnXEiY5t3+KD/i8HG2rOB/LxdmieK2g=="],

    "@rolldown/binding-wasm32-wasi": ["@rolldown/binding-wasm32-wasi@1.0.0-rc.11", "", { "dependencies": { "@napi-rs/wasm-runtime": "^1.1.1" }, "cpu": "none" }, "sha512-LXk5Hii1Ph9asuGRjBuz8TUxdc1lWzB7nyfdoRgI0WGPZKmCxvlKk8KfYysqtr4MfGElu/f/pEQRh8fcEgkrWw=="],

    "@rolldown/binding-win32-arm64-msvc": ["@rolldown/binding-win32-arm64-msvc@1.0.0-rc.11", "", { "os": "win32", "cpu": "arm64" }, "sha512-dDwf5otnx0XgRY1yqxOC4ITizcdzS/8cQ3goOWv3jFAo4F+xQYni+hnMuO6+LssHHdJW7+OCVL3CoU4ycnh35Q=="],

    "@rolldown/binding-win32-x64-msvc": ["@rolldown/binding-win32-x64-msvc@1.0.0-rc.11", "", { "os": "win32", "cpu": "x64" }, "sha512-LN4/skhSggybX71ews7dAj6r2geaMJfm3kMbK2KhFMg9B10AZXnKoLCVVgzhMHL0S+aKtr4p8QbAW8k+w95bAA=="],

    "@rolldown/pluginutils": ["@rolldown/pluginutils@1.0.0-rc.11", "", {}, "sha512-xQO9vbwBecJRv9EUcQ/y0dzSTJgA7Q6UVN7xp6B81+tBGSLVAK03yJ9NkJaUA7JFD91kbjxRSC/mDnmvXzbHoQ=="],

    "@stll/aho-corasick": ["@stll/aho-corasick@0.3.0", "", { "optionalDependencies": { "@stll/aho-corasick-darwin-arm64": "0.3.0", "@stll/aho-corasick-darwin-x64": "0.3.0", "@stll/aho-corasick-linux-arm64-gnu": "0.3.0", "@stll/aho-corasick-linux-x64-gnu": "0.3.0", "@stll/aho-corasick-linux-x64-musl": "0.3.0", "@stll/aho-corasick-win32-x64-msvc": "0.3.0" } }, "sha512-qF49ZD5X+emABLffMZ3QTSA6l8W2BEOVNb8JEqdDDCbbKV19XLKnSozzBKIEsCdHMlqbjC6rvsbELs76jv/f/Q=="],

    "@stll/fuzzy-search": ["@stll/fuzzy-search@0.2.1", "", { "optionalDependencies": { "@stll/fuzzy-search-darwin-arm64": "0.2.1", "@stll/fuzzy-search-darwin-x64": "0.2.1", "@stll/fuzzy-search-linux-arm64-gnu": "0.2.1", "@stll/fuzzy-search-linux-x64-gnu": "0.2.1" } }, "sha512-NpO0cmdA0rlYyQz3G6uTjwOja7C89C887MNZDrbJT6PAIoQiodebqUndmQEPKsC1bActzBfjQza2SdzgDJ6QYg=="],

    "@stll/regex-set": ["@stll/regex-set@0.5.1", "", { "optionalDependencies": { "@stll/regex-set-darwin-arm64": "0.5.1", "@stll/regex-set-darwin-x64": "0.5.1", "@stll/regex-set-linux-arm64-gnu": "0.5.1", "@stll/regex-set-linux-x64-gnu": "0.5.1" } }, "sha512-EWb5zY24jI45iN2BONCmfud4VbVmm8TQ9arxSo307bLm27J5x5nSUG8riKWir5QCo3yuDz1qGyEwdTizPw+53g=="],

    "@tybys/wasm-util": ["@tybys/wasm-util@0.10.1", "", { "dependencies": { "tslib": "^2.4.0" } }, "sha512-9tTaPJLSiejZKx+Bmog4uSubteqTvFrVrURwkmHixBo0G4seD0zUxp98E1DzUBJxLQ3NPwXrGKDiVjwx/DpPsg=="],

    "@types/node": ["@types/node@22.19.15", "", { "dependencies": { "undici-types": "~6.21.0" } }, "sha512-F0R/h2+dsy5wJAUe3tAU6oqa2qbWY5TpNfL/RGmo1y38hiyO1w3x2jPtt76wmuaJI4DQnOBu21cNXQ2STIUUWg=="],

    "ansis": ["ansis@4.2.0", "", {}, "sha512-HqZ5rWlFjGiV0tDm3UxxgNRqsOTniqoKZu0pIAfh7TZQMGuZK+hH0drySty0si0QXj1ieop4+SkSfPZBPPkHig=="],

    "ast-kit": ["ast-kit@2.2.0", "", { "dependencies": { "@babel/parser": "^7.28.5", "pathe": "^2.0.3" } }, "sha512-m1Q/RaVOnTp9JxPX+F+Zn7IcLYMzM8kZofDImfsKZd8MbR+ikdOzTeztStWqfrqIxZnYWryyI9ePm3NGjnZgGw=="],

    "birpc": ["birpc@2.9.0", "", {}, "sha512-KrayHS5pBi69Xi9JmvoqrIgYGDkD6mcSe/i6YKi3w5kekCLzrX4+nawcXqrj2tIp50Kw/mT/s3p+GVK0A0sKxw=="],

    "bun-types": ["bun-types@1.3.11", "", { "dependencies": { "@types/node": "*" } }, "sha512-1KGPpoxQWl9f6wcZh57LvrPIInQMn2TQ7jsgxqpRzg+l0QPOFvJVH7HmvHo/AiPgwXy+/Thf6Ov3EdVn1vOabg=="],

    "cac": ["cac@6.7.14", "", {}, "sha512-b6Ilus+c3RrdDk+JhLKUAQfzzgLEPy6wcXqS7f/xe1EETvsDP6GORG7SFuOs6cID5YkqchW/LXZbX5bc8j7ZcQ=="],

    "chokidar": ["chokidar@4.0.3", "", { "dependencies": { "readdirp": "^4.0.1" } }, "sha512-Qgzu8kfBvo+cA4962jnP1KkS6Dop5NS6g7R5LFYJr4b8Ub94PPQXUksCw9PvXoeXPRRddRNC5C1JQUR2SMGtnA=="],

    "debug": ["debug@4.4.3", "", { "dependencies": { "ms": "^2.1.3" } }, "sha512-RGwwWnwQvkVfavKVt22FGLw+xYSdzARwm0ru6DhTVA3umU5hZc28V3kO4stgYryrTlLpuvgI9GiijltAjNbcqA=="],

    "defu": ["defu@6.1.4", "", {}, "sha512-mEQCMmwJu317oSz8CwdIOdwf3xMif1ttiM8LTufzc3g6kR+9Pe236twL8j3IYT1F7GfRgGcW6MWxzZjLIkuHIg=="],

    "diff": ["diff@8.0.4", "", {}, "sha512-DPi0FmjiSU5EvQV0++GFDOJ9ASQUVFh5kD+OzOnYdi7n3Wpm9hWWGfB/O2blfHcMVTL5WkQXSnRiK9makhrcnw=="],

    "dts-resolver": ["dts-resolver@2.1.3", "", { "peerDependencies": { "oxc-resolver": ">=11.0.0" }, "optionalPeers": ["oxc-resolver"] }, "sha512-bihc7jPC90VrosXNzK0LTE2cuLP6jr0Ro8jk+kMugHReJVLIpHz/xadeq3MhuwyO4TD4OA3L1Q8pBBFRc08Tsw=="],

    "empathic": ["empathic@2.0.0", "", {}, "sha512-i6UzDscO/XfAcNYD75CfICkmfLedpyPDdozrLMmQc5ORaQcdMoc21OnlEylMIqI7U8eniKrPMxxtj8k0vhmJhA=="],

    "fdir": ["fdir@6.5.0", "", { "peerDependencies": { "picomatch": "^3 || ^4" }, "optionalPeers": ["picomatch"] }, "sha512-tIbYtZbucOs0BRGqPJkshJUYdL+SDH7dVM8gjy+ERp3WAUjLEFJE+02kanyHtwjWOnwrKYBiwAmM0p4kLJAnXg=="],

    "get-tsconfig": ["get-tsconfig@4.13.7", "", { "dependencies": { "resolve-pkg-maps": "^1.0.0" } }, "sha512-7tN6rFgBlMgpBML5j8typ92BKFi2sFQvIdpAqLA2beia5avZDrMs0FLZiM5etShWq5irVyGcGMEA1jcDaK7A/Q=="],

    "hookable": ["hookable@5.5.3", "", {}, "sha512-Yc+BQe8SvoXH1643Qez1zqLRmbA5rCL+sSmk6TVos0LWVfNIB7PGncdlId77WzLGSIB5KaWgTaNTs2lNVEI6VQ=="],

    "jiti": ["jiti@2.6.1", "", { "bin": { "jiti": "lib/jiti-cli.mjs" } }, "sha512-ekilCSN1jwRvIbgeg/57YFh8qQDNbwDb9xT/qu2DAHbFFZUicIl4ygVaAvzveMhMVr3LnpSKTNnwt8PoOfmKhQ=="],

    "jsesc": ["jsesc@3.1.0", "", { "bin": { "jsesc": "bin/jsesc" } }, "sha512-/sM3dO2FOzXjKQhJuo0Q173wf2KOo8t4I8vHy6lF9poUp7bKT0/NHE8fPX23PwfhnykfqnC2xRxOnVw5XuGIaA=="],

    "ms": ["ms@2.1.3", "", {}, "sha512-6FlzubTLZG3J2a/NVCAleEhjzq5oxgHyaCU9yYXvcLsvoVaHJq/s5xXI6/XXP6tz7R9xAOtHnSO/tXtF3WRTlA=="],

    "oxfmt": ["oxfmt@0.40.0", "", { "dependencies": { "tinypool": "2.1.0" }, "optionalDependencies": { "@oxfmt/binding-android-arm-eabi": "0.40.0", "@oxfmt/binding-android-arm64": "0.40.0", "@oxfmt/binding-darwin-arm64": "0.40.0", "@oxfmt/binding-darwin-x64": "0.40.0", "@oxfmt/binding-freebsd-x64": "0.40.0", "@oxfmt/binding-linux-arm-gnueabihf": "0.40.0", "@oxfmt/binding-linux-arm-musleabihf": "0.40.0", "@oxfmt/binding-linux-arm64-gnu": "0.40.0", "@oxfmt/binding-linux-arm64-musl": "0.40.0", "@oxfmt/binding-linux-ppc64-gnu": "0.40.0", "@oxfmt/binding-linux-riscv64-gnu": "0.40.0", "@oxfmt/binding-linux-riscv64-musl": "0.40.0", "@oxfmt/binding-linux-s390x-gnu": "0.40.0", "@oxfmt/binding-linux-x64-gnu": "0.40.0", "@oxfmt/binding-linux-x64-musl": "0.40.0", "@oxfmt/binding-openharmony-arm64": "0.40.0", "@oxfmt/binding-win32-arm64-msvc": "0.40.0", "@oxfmt/binding-win32-ia32-msvc": "0.40.0", "@oxfmt/binding-win32-x64-msvc": "0.40.0" }, "bin": { "oxfmt": "bin/oxfmt" } }, "sha512-g0C3I7xUj4b4DcagevM9kgH6+pUHytikxUcn3/VUkvzTNaaXBeyZqb7IBsHwojeXm4mTBEC/aBjBTMVUkZwWUQ=="],

    "oxlint": ["oxlint@1.56.0", "", { "optionalDependencies": { "@oxlint/binding-android-arm-eabi": "1.56.0", "@oxlint/binding-android-arm64": "1.56.0", "@oxlint/binding-darwin-arm64": "1.56.0", "@oxlint/binding-darwin-x64": "1.56.0", "@oxlint/binding-freebsd-x64": "1.56.0", "@oxlint/binding-linux-arm-gnueabihf": "1.56.0", "@oxlint/binding-linux-arm-musleabihf": "1.56.0", "@oxlint/binding-linux-arm64-gnu": "1.56.0", "@oxlint/binding-linux-arm64-musl": "1.56.0", "@oxlint/binding-linux-ppc64-gnu": "1.56.0", "@oxlint/binding-linux-riscv64-gnu": "1.56.0", "@oxlint/binding-linux-riscv64-musl": "1.56.0", "@oxlint/binding-linux-s390x-gnu": "1.56.0", "@oxlint/binding-linux-x64-gnu": "1.56.0", "@oxlint/binding-linux-x64-musl": "1.56.0", "@oxlint/binding-openharmony-arm64": "1.56.0", "@oxlint/binding-win32-arm64-msvc": "1.56.0", "@oxlint/binding-win32-ia32-msvc": "1.56.0", "@oxlint/binding-win32-x64-msvc": "1.56.0" }, "peerDependencies": { "oxlint-tsgolint": ">=0.15.0" }, "optionalPeers": ["oxlint-tsgolint"], "bin": { "oxlint": "bin/oxlint" } }, "sha512-Q+5Mj5PVaH/R6/fhMMFzw4dT+KPB+kQW4kaL8FOIq7tfhlnEVp6+3lcWqFruuTNlUo9srZUW3qH7Id4pskeR6g=="],

    "pathe": ["pathe@2.0.3", "", {}, "sha512-WUjGcAqP1gQacoQe+OBJsFA7Ld4DyXuUIjZ5cc75cLHvJ7dtNsTugphxIADwspS+AraAUePCKrSVtPLFj/F88w=="],

    "picomatch": ["picomatch@4.0.3", "", {}, "sha512-5gTmgEY/sqK6gFXLIsQNH19lWb4ebPDLA4SdLP7dsWkIXHWlG66oPuVvXSGFPppYZz8ZDZq0dYYrbHfBCVUb1Q=="],

    "quansync": ["quansync@1.0.0", "", {}, "sha512-5xZacEEufv3HSTPQuchrvV6soaiACMFnq1H8wkVioctoH3TRha9Sz66lOxRwPK/qZj7HPiSveih9yAyh98gvqA=="],

    "readdirp": ["readdirp@4.1.2", "", {}, "sha512-GDhwkLfywWL2s6vEjyhri+eXmfH6j1L7JE27WhqLeYzoh/A3DBaYGEj2H/HFZCn/kMfim73FXxEJTw06WtxQwg=="],

    "resolve-pkg-maps": ["resolve-pkg-maps@1.0.0", "", {}, "sha512-seS2Tj26TBVOC2NIc2rOe2y2ZO7efxITtLZcGSOnHHNOQ7CkiUBfw0Iw2ck6xkIhPwLhKNLS8BO+hEpngQlqzw=="],

    "rolldown": ["rolldown@1.0.0-rc.11", "", { "dependencies": { "@oxc-project/types": "=0.122.0", "@rolldown/pluginutils": "1.0.0-rc.11" }, "optionalDependencies": { "@rolldown/binding-android-arm64": "1.0.0-rc.11", "@rolldown/binding-darwin-arm64": "1.0.0-rc.11", "@rolldown/binding-darwin-x64": "1.0.0-rc.11", "@rolldown/binding-freebsd-x64": "1.0.0-rc.11", "@rolldown/binding-linux-arm-gnueabihf": "1.0.0-rc.11", "@rolldown/binding-linux-arm64-gnu": "1.0.0-rc.11", "@rolldown/binding-linux-arm64-musl": "1.0.0-rc.11", "@rolldown/binding-linux-ppc64-gnu": "1.0.0-rc.11", "@rolldown/binding-linux-s390x-gnu": "1.0.0-rc.11", "@rolldown/binding-linux-x64-gnu": "1.0.0-rc.11", "@rolldown/binding-linux-x64-musl": "1.0.0-rc.11", "@rolldown/binding-openharmony-arm64": "1.0.0-rc.11", "@rolldown/binding-wasm32-wasi": "1.0.0-rc.11", "@rolldown/binding-win32-arm64-msvc": "1.0.0-rc.11", "@rolldown/binding-win32-x64-msvc": "1.0.0-rc.11" }, "bin": { "rolldown": "bin/cli.mjs" } }, "sha512-NRjoKMusSjfRbSYiH3VSumlkgFe7kYAa3pzVOsVYVFY3zb5d7nS+a3KGQ7hJKXuYWbzJKPVQ9Wxq2UvyK+ENpw=="],

    "rolldown-plugin-dts": ["rolldown-plugin-dts@0.13.14", "", { "dependencies": { "@babel/generator": "^7.28.0", "@babel/parser": "^7.28.0", "@babel/types": "^7.28.1", "ast-kit": "^2.1.1", "birpc": "^2.5.0", "debug": "^4.4.1", "dts-resolver": "^2.1.1", "get-tsconfig": "^4.10.1" }, "peerDependencies": { "@typescript/native-preview": ">=7.0.0-dev.20250601.1", "rolldown": "^1.0.0-beta.9", "typescript": "^5.0.0", "vue-tsc": "^2.2.0 || ^3.0.0" }, "optionalPeers": ["@typescript/native-preview", "typescript", "vue-tsc"] }, "sha512-wjNhHZz9dlN6PTIXyizB6u/mAg1wEFMW9yw7imEVe3CxHSRnNHVyycIX0yDEOVJfDNISLPbkCIPEpFpizy5+PQ=="],

    "semver": ["semver@7.7.4", "", { "bin": { "semver": "bin/semver.js" } }, "sha512-vFKC2IEtQnVhpT78h1Yp8wzwrf8CM+MzKMHGJZfBtzhZNycRFnXsHk6E5TxIkkMsgNS7mdX3AGB7x2QM2di4lA=="],

    "tinyexec": ["tinyexec@1.0.4", "", {}, "sha512-u9r3uZC0bdpGOXtlxUIdwf9pkmvhqJdrVCH9fapQtgy/OeTTMZ1nqH7agtvEfmGui6e1XxjcdrlxvxJvc3sMqw=="],

    "tinyglobby": ["tinyglobby@0.2.15", "", { "dependencies": { "fdir": "^6.5.0", "picomatch": "^4.0.3" } }, "sha512-j2Zq4NyQYG5XMST4cbs02Ak8iJUdxRM0XI5QyxXuZOzKOINmWurp3smXu3y5wDcJrptwpSjgXHzIQxR0omXljQ=="],

    "tinypool": ["tinypool@2.1.0", "", {}, "sha512-Pugqs6M0m7Lv1I7FtxN4aoyToKg1C4tu+/381vH35y8oENM/Ai7f7C4StcoK4/+BSw9ebcS8jRiVrORFKCALLw=="],

    "tsdown": ["tsdown@0.12.9", "", { "dependencies": { "ansis": "^4.1.0", "cac": "^6.7.14", "chokidar": "^4.0.3", "debug": "^4.4.1", "diff": "^8.0.2", "empathic": "^2.0.0", "hookable": "^5.5.3", "rolldown": "^1.0.0-beta.19", "rolldown-plugin-dts": "^0.13.12", "semver": "^7.7.2", "tinyexec": "^1.0.1", "tinyglobby": "^0.2.14", "unconfig": "^7.3.2" }, "peerDependencies": { "@arethetypeswrong/core": "^0.18.1", "publint": "^0.3.0", "typescript": "^5.0.0", "unplugin-lightningcss": "^0.4.0", "unplugin-unused": "^0.5.0" }, "optionalPeers": ["@arethetypeswrong/core", "publint", "typescript", "unplugin-lightningcss", "unplugin-unused"], "bin": { "tsdown": "dist/run.mjs" } }, "sha512-MfrXm9PIlT3saovtWKf/gCJJ/NQCdE0SiREkdNC+9Qy6UHhdeDPxnkFaBD7xttVUmgp0yUHtGirpoLB+OVLuLA=="],

    "tslib": ["tslib@2.8.1", "", {}, "sha512-oJFu94HQb+KVduSUQL7wnpmqnfmLsOA/nAh6b6EH0wCEoK0/mPeXU6c3wKDV83MkOuHPRHtSXKKU99IBazS/2w=="],

    "typescript": ["typescript@5.9.3", "", { "bin": { "tsc": "bin/tsc", "tsserver": "bin/tsserver" } }, "sha512-jl1vZzPDinLr9eUt3J/t7V6FgNEw9QjvBPdysz9KfQDD41fQrC2Y4vKQdiaUpFT4bXlb1RHhLpp8wtm6M5TgSw=="],

    "unconfig": ["unconfig@7.5.0", "", { "dependencies": { "@quansync/fs": "^1.0.0", "defu": "^6.1.4", "jiti": "^2.6.1", "quansync": "^1.0.0", "unconfig-core": "7.5.0" } }, "sha512-oi8Qy2JV4D3UQ0PsopR28CzdQ3S/5A1zwsUwp/rosSbfhJ5z7b90bIyTwi/F7hCLD4SGcZVjDzd4XoUQcEanvA=="],

    "unconfig-core": ["unconfig-core@7.5.0", "", { "dependencies": { "@quansync/fs": "^1.0.0", "quansync": "^1.0.0" } }, "sha512-Su3FauozOGP44ZmKdHy2oE6LPjk51M/TRRjHv2HNCWiDvfvCoxC2lno6jevMA91MYAdCdwP05QnWdWpSbncX/w=="],

    "undici-types": ["undici-types@6.21.0", "", {}, "sha512-iwDZqg0QAGrg9Rav5H4n0M64c3mkR59cJ6wQp+7C4nI0gsmExaedaYLNO44eT4AtBBwjbTiGPMlt2Md0T9H9JQ=="],
  }
}
